
Microsoft Visual Studio Solution File, Format Version 11.00
# Visual Studio 2010
Project("{FAE04EC0-301F-11D3-BF4B-00C04F79EFBC}") = "Model", "Model\Model.csproj", "{0F2E0832-23DD-49EB-A117-E645B8FC0EA9}"
EndProject
Project("{FAE04EC0-301F-11D3-BF4B-00C04F79EFBC}") = "DataAccess", "DataAccess\DataAccess.csproj", "{A6EBCC15-0B27-43C9-B4E4-59CFE09F889B}"
EndProject
Project("{FAE04EC0-301F-11D3-BF4B-00C04F79EFBC}") = "BreakAwayConsole", "BreakAwayConsole\BreakAwayConsole.csproj", "{E3609CB5-5B6E-425E-BC6A-381D43109A1E}"
EndProject
Global
	GlobalSection(SolutionConfigurationPlatforms) = preSolution
		Debug|Any CPU = Debug|Any CPU
		Debug|Mixed Platforms = Debug|Mixed Platforms
		Debug|x86 = Debug|x86
		Release|Any CPU = Release|Any CPU
		Release|Mixed Platforms = Release|Mixed Platforms
		Release|x86 = Release|x86
	EndGlobalSection
	GlobalSection(ProjectConfigurationPlatforms) = postSolution
		{0F2E0832-23DD-49EB-A117-E645B8FC0EA9}.Debug|Any CPU.ActiveCfg = Debug|Any CPU
		{0F2E0832-23DD-49EB-A117-E645B8FC0EA9}.Debug|Any CPU.Build.0 = Debug|Any CPU
		{0F2E0832-23DD-49EB-A117-E645B8FC0EA9}.Debug|Mixed Platforms.ActiveCfg = Debug|Any CPU
		{0F2E0832-23DD-49EB-A117-E645B8FC0EA9}.Debug|Mixed Platforms.Build.0 = Debug|Any CPU
		{0F2E0832-23DD-49EB-A117-E645B8FC0EA9}.Debug|x86.ActiveCfg = Debug|Any CPU
		{0F2E0832-23DD-49EB-A117-E645B8FC0EA9}.Release|Any CPU.ActiveCfg = Release|Any CPU
		{0F2E0832-23DD-49EB-A117-E645B8FC0EA9}.Release|Any CPU.Build.0 = Release|Any CPU
		{0F2E0832-23DD-49EB-A117-E645B8FC0EA9}.Release|Mixed Platforms.ActiveCfg = Release|Any CPU
		{0F2E0832-23DD-49EB-A117-E645B8FC0EA9}.Release|Mixed Platforms.Build.0 = Release|Any CPU
		{0F2E0832-23DD-49EB-A117-E645B8FC0EA9}.Release|x86.ActiveCfg = Release|Any CPU
		{A6EBCC15-0B27-43C9-B4E4-59CFE09F889B}.Debug|Any CPU.ActiveCfg = Debug|Any CPU
		{A6EBCC15-0B27-43C9-B4E4-59CFE09F889B}.Debug|Any CPU.Build.0 = Debug|Any CPU
		{A6EBCC15-0B27-43C9-B4E4-59CFE09F889B}.Debug|Mixed Platforms.ActiveCfg = Debug|Any CPU
		{A6EBCC15-0B27-43C9-B4E4-59CFE09F889B}.Debug|Mixed Platforms.Build.0 = Debug|Any CPU
		{A6EBCC15-0B27-43C9-B4E4-59CFE09F889B}.Debug|x86.ActiveCfg = Debug|Any CPU
		{A6EBCC15-0B27-43C9-B4E4-59CFE09F889B}.Release|Any CPU.ActiveCfg = Release|Any CPU
		{A6EBCC15-0B27-43C9-B4E4-59CFE09F889B}.Release|Any CPU.Build.0 = Release|Any CPU
		{A6EBCC15-0B27-43C9-B4E4-59CFE09F889B}.Release|Mixed Platforms.ActiveCfg = Release|Any CPU
		{A6EBCC15-0B27-43C9-B4E4-59CFE09F889B}.Release|Mixed Platforms.Build.0 = Release|Any CPU
		{A6EBCC15-0B27-43C9-B4E4-59CFE09F889B}.Release|x86.ActiveCfg = Release|Any CPU
		{E3609CB5-5B6E-425E-BC6A-381D43109A1E}.Debug|Any CPU.ActiveCfg = Debug|x86
		{E3609CB5-5B6E-425E-BC6A-381D43109A1E}.Debug|Mixed Platforms.ActiveCfg = Debug|x86
		{E3609CB5-5B6E-425E-BC6A-381D43109A1E}.Debug|Mixed Platforms.Build.0 = Debug|x86
		{E3609CB5-5B6E-425E-BC6A-381D43109A1E}.Debug|x86.ActiveCfg = Debug|x86
		{E3609CB5-5B6E-425E-BC6A-381D43109A1E}.Debug|x86.Build.0 = Debug|x86
		{E3609CB5-5B6E-425E-BC6A-381D43109A1E}.Release|Any CPU.ActiveCfg = Release|x86
		{E3609CB5-5B6E-425E-BC6A-381D43109A1E}.Release|Mixed Platforms.ActiveCfg = Release|x86
		{E3609CB5-5B6E-425E-BC6A-381D43109A1E}.Release|Mixed Platforms.Build.0 = Release|x86
		{E3609CB5-5B6E-425E-BC6A-381D43109A1E}.Release|x86.ActiveCfg = Release|x86
		{E3609CB5-5B6E-425E-BC6A-381D43109A1E}.Release|x86.Build.0 = Release|x86
	EndGlobalSection
	GlobalSection(SolutionProperties) = preSolution
		HideSolutionNode = FALSE
	EndGlobalSection
EndGlobal
